
Microsoft Visual Studio Solution File, Format Version 12.00
# Visual Studio 14
VisualStudioVersion = 14.0.25123.0
MinimumVisualStudioVersion = 10.0.40219.1
Project("{FAE04EC0-301F-11D3-BF4B-00C04F79EFBC}") = "Greenspot.Stall", "Greenspot.Stall\Greenspot.Stall.csproj", "{51ABB2D1-8C5F-4A79-A18C-7451C5EF834C}"
EndProject
Project("{FAE04EC0-301F-11D3-BF4B-00C04F79EFBC}") = "Greenspot.Stall.Tests", "Greenspot.Stall.Tests\Greenspot.Stall.Tests.csproj", "{4C85B449-5615-45B5-946D-938670883332}"
EndProject
Project("{FAE04EC0-301F-11D3-BF4B-00C04F79EFBC}") = "Greenspot.Identity", "..\Greenspot.Common\Greenspot.Identity\Greenspot.Identity.csproj", "{4322D1CD-FBF3-42F0-94D8-C86B1C321828}"
EndProject
Project("{2150E333-8FDC-42A3-9474-1A3956D46DE8}") = "External Projects", "External Projects", "{1587FACF-72A8-4C93-9279-CB93A009A7B8}"
EndProject
Project("{FAE04EC0-301F-11D3-BF4B-00C04F79EFBC}") = "WechatAuth.Greenspot", "..\Greenspot.Common\WechatAuth.Greenspot\WechatAuth.Greenspot.csproj", "{09AEBF46-E517-4B58-82F0-3E907F2CFDFB}"
EndProject
Project("{FAE04EC0-301F-11D3-BF4B-00C04F79EFBC}") = "Greenspot.Common.Test", "..\Greenspot.Common\Greenspot.Common.Test\Greenspot.Common.Test.csproj", "{F25EC20E-0DA6-4971-86D8-BC5B1DFF6A72}"
EndProject
Project("{FAE04EC0-301F-11D3-BF4B-00C04F79EFBC}") = "Greenspot.Common", "..\Greenspot.Common\Greenspot.Common\Greenspot.Common.csproj", "{CEF025D7-155C-4953-9888-06EA355AE43B}"
EndProject
Project("{FAE04EC0-301F-11D3-BF4B-00C04F79EFBC}") = "Greenspot.SDK.Vend", "Greenspot.Vend\Greenspot.SDK.Vend.csproj", "{25F56AB3-9E97-4746-AA25-6BF78810A26A}"
EndProject
Project("{FAE04EC0-301F-11D3-BF4B-00C04F79EFBC}") = "Greenspot.Stall.Console", "Greenspot.Stall.Console\Greenspot.Stall.Console.csproj", "{9AED35A3-8162-4BCE-B90C-DF38C9EE948C}"
EndProject
Project("{FAE04EC0-301F-11D3-BF4B-00C04F79EFBC}") = "Greenspot.Comm.SuburbMatrix", "..\Greenspot.Common\Greenspot.Comm.SuburbMatrix\Greenspot.Comm.SuburbMatrix.csproj", "{6129B05A-8485-4F86-8113-6A40F6128B97}"
EndProject
Global
	GlobalSection(SolutionConfigurationPlatforms) = preSolution
		Debug|Any CPU = Debug|Any CPU
		Pub|Any CPU = Pub|Any CPU
		Release|Any CPU = Release|Any CPU
		Test|Any CPU = Test|Any CPU
	EndGlobalSection
	GlobalSection(ProjectConfigurationPlatforms) = postSolution
		{51ABB2D1-8C5F-4A79-A18C-7451C5EF834C}.Debug|Any CPU.ActiveCfg = Debug|Any CPU
		{51ABB2D1-8C5F-4A79-A18C-7451C5EF834C}.Debug|Any CPU.Build.0 = Debug|Any CPU
		{51ABB2D1-8C5F-4A79-A18C-7451C5EF834C}.Pub|Any CPU.ActiveCfg = Pub|Any CPU
		{51ABB2D1-8C5F-4A79-A18C-7451C5EF834C}.Pub|Any CPU.Build.0 = Pub|Any CPU
		{51ABB2D1-8C5F-4A79-A18C-7451C5EF834C}.Release|Any CPU.ActiveCfg = Test|Any CPU
		{51ABB2D1-8C5F-4A79-A18C-7451C5EF834C}.Release|Any CPU.Build.0 = Test|Any CPU
		{51ABB2D1-8C5F-4A79-A18C-7451C5EF834C}.Test|Any CPU.ActiveCfg = Test|Any CPU
		{51ABB2D1-8C5F-4A79-A18C-7451C5EF834C}.Test|Any CPU.Build.0 = Test|Any CPU
		{4C85B449-5615-45B5-946D-938670883332}.Debug|Any CPU.ActiveCfg = Debug|Any CPU
		{4C85B449-5615-45B5-946D-938670883332}.Debug|Any CPU.Build.0 = Debug|Any CPU
		{4C85B449-5615-45B5-946D-938670883332}.Pub|Any CPU.ActiveCfg = Pub|Any CPU
		{4C85B449-5615-45B5-946D-938670883332}.Pub|Any CPU.Build.0 = Pub|Any CPU
		{4C85B449-5615-45B5-946D-938670883332}.Release|Any CPU.ActiveCfg = Release|Any CPU
		{4C85B449-5615-45B5-946D-938670883332}.Release|Any CPU.Build.0 = Release|Any CPU
		{4C85B449-5615-45B5-946D-938670883332}.Test|Any CPU.ActiveCfg = Release|Any CPU
		{4C85B449-5615-45B5-946D-938670883332}.Test|Any CPU.Build.0 = Release|Any CPU
		{4322D1CD-FBF3-42F0-94D8-C86B1C321828}.Debug|Any CPU.ActiveCfg = Debug|Any CPU
		{4322D1CD-FBF3-42F0-94D8-C86B1C321828}.Debug|Any CPU.Build.0 = Debug|Any CPU
		{4322D1CD-FBF3-42F0-94D8-C86B1C321828}.Pub|Any CPU.ActiveCfg = Pub|Any CPU
		{4322D1CD-FBF3-42F0-94D8-C86B1C321828}.Pub|Any CPU.Build.0 = Pub|Any CPU
		{4322D1CD-FBF3-42F0-94D8-C86B1C321828}.Release|Any CPU.ActiveCfg = Release|Any CPU
		{4322D1CD-FBF3-42F0-94D8-C86B1C321828}.Release|Any CPU.Build.0 = Release|Any CPU
		{4322D1CD-FBF3-42F0-94D8-C86B1C321828}.Test|Any CPU.ActiveCfg = Release|Any CPU
		{4322D1CD-FBF3-42F0-94D8-C86B1C321828}.Test|Any CPU.Build.0 = Release|Any CPU
		{09AEBF46-E517-4B58-82F0-3E907F2CFDFB}.Debug|Any CPU.ActiveCfg = Debug|Any CPU
		{09AEBF46-E517-4B58-82F0-3E907F2CFDFB}.Debug|Any CPU.Build.0 = Debug|Any CPU
		{09AEBF46-E517-4B58-82F0-3E907F2CFDFB}.Pub|Any CPU.ActiveCfg = Release|Any CPU
		{09AEBF46-E517-4B58-82F0-3E907F2CFDFB}.Pub|Any CPU.Build.0 = Release|Any CPU
		{09AEBF46-E517-4B58-82F0-3E907F2CFDFB}.Release|Any CPU.ActiveCfg = Release|Any CPU
		{09AEBF46-E517-4B58-82F0-3E907F2CFDFB}.Release|Any CPU.Build.0 = Release|Any CPU
		{09AEBF46-E517-4B58-82F0-3E907F2CFDFB}.Test|Any CPU.ActiveCfg = Release|Any CPU
		{09AEBF46-E517-4B58-82F0-3E907F2CFDFB}.Test|Any CPU.Build.0 = Release|Any CPU
		{F25EC20E-0DA6-4971-86D8-BC5B1DFF6A72}.Debug|Any CPU.ActiveCfg = Debug|Any CPU
		{F25EC20E-0DA6-4971-86D8-BC5B1DFF6A72}.Debug|Any CPU.Build.0 = Debug|Any CPU
		{F25EC20E-0DA6-4971-86D8-BC5B1DFF6A72}.Pub|Any CPU.ActiveCfg = Release|Any CPU
		{F25EC20E-0DA6-4971-86D8-BC5B1DFF6A72}.Pub|Any CPU.Build.0 = Release|Any CPU
		{F25EC20E-0DA6-4971-86D8-BC5B1DFF6A72}.Release|Any CPU.ActiveCfg = Release|Any CPU
		{F25EC20E-0DA6-4971-86D8-BC5B1DFF6A72}.Release|Any CPU.Build.0 = Release|Any CPU
		{F25EC20E-0DA6-4971-86D8-BC5B1DFF6A72}.Test|Any CPU.ActiveCfg = Release|Any CPU
		{F25EC20E-0DA6-4971-86D8-BC5B1DFF6A72}.Test|Any CPU.Build.0 = Release|Any CPU
		{CEF025D7-155C-4953-9888-06EA355AE43B}.Debug|Any CPU.ActiveCfg = Debug|Any CPU
		{CEF025D7-155C-4953-9888-06EA355AE43B}.Debug|Any CPU.Build.0 = Debug|Any CPU
		{CEF025D7-155C-4953-9888-06EA355AE43B}.Pub|Any CPU.ActiveCfg = Release|Any CPU
		{CEF025D7-155C-4953-9888-06EA355AE43B}.Pub|Any CPU.Build.0 = Release|Any CPU
		{CEF025D7-155C-4953-9888-06EA355AE43B}.Release|Any CPU.ActiveCfg = Release|Any CPU
		{CEF025D7-155C-4953-9888-06EA355AE43B}.Release|Any CPU.Build.0 = Release|Any CPU
		{CEF025D7-155C-4953-9888-06EA355AE43B}.Test|Any CPU.ActiveCfg = Release|Any CPU
		{CEF025D7-155C-4953-9888-06EA355AE43B}.Test|Any CPU.Build.0 = Release|Any CPU
		{25F56AB3-9E97-4746-AA25-6BF78810A26A}.Debug|Any CPU.ActiveCfg = Debug|Any CPU
		{25F56AB3-9E97-4746-AA25-6BF78810A26A}.Debug|Any CPU.Build.0 = Debug|Any CPU
		{25F56AB3-9E97-4746-AA25-6BF78810A26A}.Pub|Any CPU.ActiveCfg = Release|Any CPU
		{25F56AB3-9E97-4746-AA25-6BF78810A26A}.Pub|Any CPU.Build.0 = Release|Any CPU
		{25F56AB3-9E97-4746-AA25-6BF78810A26A}.Release|Any CPU.ActiveCfg = Release|Any CPU
		{25F56AB3-9E97-4746-AA25-6BF78810A26A}.Release|Any CPU.Build.0 = Release|Any CPU
		{25F56AB3-9E97-4746-AA25-6BF78810A26A}.Test|Any CPU.ActiveCfg = Release|Any CPU
		{25F56AB3-9E97-4746-AA25-6BF78810A26A}.Test|Any CPU.Build.0 = Release|Any CPU
		{9AED35A3-8162-4BCE-B90C-DF38C9EE948C}.Debug|Any CPU.ActiveCfg = Debug|Any CPU
		{9AED35A3-8162-4BCE-B90C-DF38C9EE948C}.Debug|Any CPU.Build.0 = Debug|Any CPU
		{9AED35A3-8162-4BCE-B90C-DF38C9EE948C}.Pub|Any CPU.ActiveCfg = Release|Any CPU
		{9AED35A3-8162-4BCE-B90C-DF38C9EE948C}.Pub|Any CPU.Build.0 = Release|Any CPU
		{9AED35A3-8162-4BCE-B90C-DF38C9EE948C}.Release|Any CPU.ActiveCfg = Release|Any CPU
		{9AED35A3-8162-4BCE-B90C-DF38C9EE948C}.Release|Any CPU.Build.0 = Release|Any CPU
		{9AED35A3-8162-4BCE-B90C-DF38C9EE948C}.Test|Any CPU.ActiveCfg = Release|Any CPU
		{9AED35A3-8162-4BCE-B90C-DF38C9EE948C}.Test|Any CPU.Build.0 = Release|Any CPU
		{6129B05A-8485-4F86-8113-6A40F6128B97}.Debug|Any CPU.ActiveCfg = Debug|Any CPU
		{6129B05A-8485-4F86-8113-6A40F6128B97}.Debug|Any CPU.Build.0 = Debug|Any CPU
		{6129B05A-8485-4F86-8113-6A40F6128B97}.Pub|Any CPU.ActiveCfg = Release|Any CPU
		{6129B05A-8485-4F86-8113-6A40F6128B97}.Pub|Any CPU.Build.0 = Release|Any CPU
		{6129B05A-8485-4F86-8113-6A40F6128B97}.Release|Any CPU.ActiveCfg = Release|Any CPU
		{6129B05A-8485-4F86-8113-6A40F6128B97}.Release|Any CPU.Build.0 = Release|Any CPU
		{6129B05A-8485-4F86-8113-6A40F6128B97}.Test|Any CPU.ActiveCfg = Release|Any CPU
		{6129B05A-8485-4F86-8113-6A40F6128B97}.Test|Any CPU.Build.0 = Release|Any CPU
	EndGlobalSection
	GlobalSection(SolutionProperties) = preSolution
		HideSolutionNode = FALSE
	EndGlobalSection
	GlobalSection(NestedProjects) = preSolution
		{4322D1CD-FBF3-42F0-94D8-C86B1C321828} = {1587FACF-72A8-4C93-9279-CB93A009A7B8}
		{09AEBF46-E517-4B58-82F0-3E907F2CFDFB} = {1587FACF-72A8-4C93-9279-CB93A009A7B8}
		{F25EC20E-0DA6-4971-86D8-BC5B1DFF6A72} = {1587FACF-72A8-4C93-9279-CB93A009A7B8}
		{CEF025D7-155C-4953-9888-06EA355AE43B} = {1587FACF-72A8-4C93-9279-CB93A009A7B8}
		{6129B05A-8485-4F86-8113-6A40F6128B97} = {1587FACF-72A8-4C93-9279-CB93A009A7B8}
	EndGlobalSection
EndGlobal
